// !$*UTF8*$!
{
	archiveVersion = 1;
	classes = {
	};
	objectVersion = 46;
	objects = {

/* Begin PBXBuildFile section */
		9436FC611A5F351700C12D6B /* main.m in Sources */ = {isa = PBXBuildFile; fileRef = 9436FC601A5F351700C12D6B /* main.m */; };
		9436FC641A5F351700C12D6B /* AppDelegate.m in Sources */ = {isa = PBXBuildFile; fileRef = 9436FC631A5F351700C12D6B /* AppDelegate.m */; };
		9436FC671A5F351700C12D6B /* RootViewController.m in Sources */ = {isa = PBXBuildFile; fileRef = 9436FC661A5F351700C12D6B /* RootViewController.m */; };
		9436FC6A1A5F351700C12D6B /* Main.storyboard in Resources */ = {isa = PBXBuildFile; fileRef = 9436FC681A5F351700C12D6B /* Main.storyboard */; };
		9436FC6C1A5F351700C12D6B /* Images.xcassets in Resources */ = {isa = PBXBuildFile; fileRef = 9436FC6B1A5F351700C12D6B /* Images.xcassets */; };
		9436FC6F1A5F351700C12D6B /* LaunchScreen.xib in Resources */ = {isa = PBXBuildFile; fileRef = 9436FC6D1A5F351700C12D6B /* LaunchScreen.xib */; };
		9436FC7B1A5F351700C12D6B /* TicTacToeTests.m in Sources */ = {isa = PBXBuildFile; fileRef = 9436FC7A1A5F351700C12D6B /* TicTacToeTests.m */; };
/* End PBXBuildFile section */

/* Begin PBXContainerItemProxy section */
		9436FC751A5F351700C12D6B /* PBXContainerItemProxy */ = {
			isa = PBXContainerItemProxy;
			containerPortal = 9436FC531A5F351700C12D6B /* Project object */;
			proxyType = 1;
			remoteGlobalIDString = 9436FC5A1A5F351700C12D6B;
			remoteInfo = TicTacToe;
		};
/* End PBXContainerItemProxy section */

/* Begin PBXFileReference section */
		9436FC5B1A5F351700C12D6B /* TicTacToe.app */ = {isa = PBXFileReference; explicitFileType = wrapper.application; includeInIndex = 0; path = TicTacToe.app; sourceTree = BUILT_PRODUCTS_DIR; };
		9436FC5F1A5F351700C12D6B /* Info.plist */ = {isa = PBXFileReference; lastKnownFileType = text.plist.xml; path = Info.plist; sourceTree = "<group>"; };
		9436FC601A5F351700C12D6B /* main.m */ = {isa = PBXFileReference; lastKnownFileType = sourcecode.c.objc; path = main.m; sourceTree = "<group>"; };
		9436FC621A5F351700C12D6B /* AppDelegate.h */ = {isa = PBXFileReference; lastKnownFileType = sourcecode.c.h; path = AppDelegate.h; sourceTree = "<group>"; };
		9436FC631A5F351700C12D6B /* AppDelegate.m */ = {isa = PBXFileReference; lastKnownFileType = sourcecode.c.objc; path = AppDelegate.m; sourceTree = "<group>"; };
		9436FC651A5F351700C12D6B /* RootViewController.h */ = {isa = PBXFileReference; lastKnownFileType = sourcecode.c.h; path = RootViewController.h; sourceTree = "<group>"; };
		9436FC661A5F351700C12D6B /* RootViewController.m */ = {isa = PBXFileReference; lastKnownFileType = sourcecode.c.objc; path = RootViewController.m; sourceTree = "<group>"; };
		9436FC691A5F351700C12D6B /* Base */ = {isa = PBXFileReference; lastKnownFileType = file.storyboard; name = Base; path = Base.lproj/Main.storyboard; sourceTree = "<group>"; };
		9436FC6B1A5F351700C12D6B /* Images.xcassets */ = {isa = PBXFileReference; lastKnownFileType = folder.assetcatalog; path = Images.xcassets; sourceTree = "<group>"; };
		9436FC6E1A5F351700C12D6B /* Base */ = {isa = PBXFileReference; lastKnownFileType = file.xib; name = Base; path = Base.lproj/LaunchScreen.xib; sourceTree = "<group>"; };
		9436FC741A5F351700C12D6B /* TicTacToeTests.xctest */ = {isa = PBXFileReference; explicitFileType = wrapper.cfbundle; includeInIndex = 0; path = TicTacToeTests.xctest; sourceTree = BUILT_PRODUCTS_DIR; };
		9436FC791A5F351700C12D6B /* Info.plist */ = {isa = PBXFileReference; lastKnownFileType = text.plist.xml; path = Info.plist; sourceTree = "<group>"; };
		9436FC7A1A5F351700C12D6B /* TicTacToeTests.m */ = {isa = PBXFileReference; lastKnownFileType = sourcecode.c.objc; path = TicTacToeTests.m; sourceTree = "<group>"; };
/* End PBXFileReference section */

/* Begin PBXFrameworksBuildPhase section */
		9436FC581A5F351700C12D6B /* Frameworks */ = {
			isa = PBXFrameworksBuildPhase;
			buildActionMask = 2147483647;
			files = (
			);
			runOnlyForDeploymentPostprocessing = 0;
		};
		9436FC711A5F351700C12D6B /* Frameworks */ = {
			isa = PBXFrameworksBuildPhase;
			buildActionMask = 2147483647;
			files = (
			);
			runOnlyForDeploymentPostprocessing = 0;
		};
/* End PBXFrameworksBuildPhase section */

/* Begin PBXGroup section */
		9436FC521A5F351700C12D6B = {
			isa = PBXGroup;
			children = (
				9436FC5D1A5F351700C12D6B /* TicTacToe */,
				9436FC771A5F351700C12D6B /* TicTacToeTests */,
				9436FC5C1A5F351700C12D6B /* Products */,
			);
			sourceTree = "<group>";
		};
		9436FC5C1A5F351700C12D6B /* Products */ = {
			isa = PBXGroup;
			children = (
				9436FC5B1A5F351700C12D6B /* TicTacToe.app */,
				9436FC741A5F351700C12D6B /* TicTacToeTests.xctest */,
			);
			name = Products;
			sourceTree = "<group>";
		};
		9436FC5D1A5F351700C12D6B /* TicTacToe */ = {
			isa = PBXGroup;
			children = (
				9436FC621A5F351700C12D6B /* AppDelegate.h */,
				9436FC631A5F351700C12D6B /* AppDelegate.m */,
				9436FC651A5F351700C12D6B /* RootViewController.h */,
				9436FC661A5F351700C12D6B /* RootViewController.m */,
				9436FC681A5F351700C12D6B /* Main.storyboard */,
				9436FC6B1A5F351700C12D6B /* Images.xcassets */,
				9436FC6D1A5F351700C12D6B /* LaunchScreen.xib */,
				9436FC5E1A5F351700C12D6B /* Supporting Files */,
			);
			path = TicTacToe;
			sourceTree = "<group>";
		};
		9436FC5E1A5F351700C12D6B /* Supporting Files */ = {
			isa = PBXGroup;
			children = (
				9436FC5F1A5F351700C12D6B /* Info.plist */,
				9436FC601A5F351700C12D6B /* main.m */,
			);
			name = "Supporting Files";
			sourceTree = "<group>";
		};
		9436FC771A5F351700C12D6B /* TicTacToeTests */ = {
			isa = PBXGroup;
			children = (
				9436FC7A1A5F351700C12D6B /* TicTacToeTests.m */,
				9436FC781A5F351700C12D6B /* Supporting Files */,
			);
			path = TicTacToeTests;
			sourceTree = "<group>";
		};
		9436FC781A5F351700C12D6B /* Supporting Files */ = {
			isa = PBXGroup;
			children = (
				9436FC791A5F351700C12D6B /* Info.plist */,
			);
			name = "Supporting Files";
			sourceTree = "<group>";
		};
/* End PBXGroup section */

/* Begin PBXNativeTarget section */
		9436FC5A1A5F351700C12D6B /* TicTacToe */ = {
			isa = PBXNativeTarget;
			buildConfigurationList = 9436FC7E1A5F351700C12D6B /* Build configuration list for PBXNativeTarget "TicTacToe" */;
			buildPhases = (
				9436FC571A5F351700C12D6B /* Sources */,
				9436FC581A5F351700C12D6B /* Frameworks */,
				9436FC591A5F351700C12D6B /* Resources */,
			);
			buildRules = (
			);
			dependencies = (
			);
			name = TicTacToe;
			productName = TicTacToe;
			productReference = 9436FC5B1A5F351700C12D6B /* TicTacToe.app */;
			productType = "com.apple.product-type.application";
		};
		9436FC731A5F351700C12D6B /* TicTacToeTests */ = {
			isa = PBXNativeTarget;
			buildConfigurationList = 9436FC811A5F351700C12D6B /* Build configuration list for PBXNativeTarget "TicTacToeTests" */;
			buildPhases = (
				9436FC701A5F351700C12D6B /* Sources */,
				9436FC711A5F351700C12D6B /* Frameworks */,
				9436FC721A5F351700C12D6B /* Resources */,
			);
			buildRules = (
			);
			dependencies = (
				9436FC761A5F351700C12D6B /* PBXTargetDependency */,
			);
			name = TicTacToeTests;
			productName = TicTacToeTests;
			productReference = 9436FC741A5F351700C12D6B /* TicTacToeTests.xctest */;
			productType = "com.apple.product-type.bundle.unit-test";
		};
/* End PBXNativeTarget section */

/* Begin PBXProject section */
		9436FC531A5F351700C12D6B /* Project object */ = {
			isa = PBXProject;
			attributes = {
				LastUpgradeCheck = 0610;
				ORGANIZATIONNAME = "Evan Vandenberg";
				TargetAttributes = {
					9436FC5A1A5F351700C12D6B = {
						CreatedOnToolsVersion = 6.1;
					};
					9436FC731A5F351700C12D6B = {
						CreatedOnToolsVersion = 6.1;
						TestTargetID = 9436FC5A1A5F351700C12D6B;
					};
				};
			};
			buildConfigurationList = 9436FC561A5F351700C12D6B /* Build configuration list for PBXProject "TicTacToe" */;
			compatibilityVersion = "Xcode 3.2";
			developmentRegion = English;
			hasScannedForEncodings = 0;
			knownRegions = (
				en,
				Base,
			);
			mainGroup = 9436FC521A5F351700C12D6B;
			productRefGroup = 9436FC5C1A5F351700C12D6B /* Products */;
			projectDirPath = "";
			projectRoot = "";
			targets = (
				9436FC5A1A5F351700C12D6B /* TicTacToe */,
				9436FC731A5F351700C12D6B /* TicTacToeTests */,
			);
		};
/* End PBXProject section */

/* Begin PBXResourcesBuildPhase section */
		9436FC591A5F351700C12D6B /* Resources */ = {
			isa = PBXResourcesBuildPhase;
			buildActionMask = 2147483647;
			files = (
				9436FC6A1A5F351700C12D6B /* Main.storyboard in Resources */,
				9436FC6F1A5F351700C12D6B /* LaunchScreen.xib in Resources */,
				9436FC6C1A5F351700C12D6B /* Images.xcassets in Resources */,
			);
			runOnlyForDeploymentPostprocessing = 0;
		};
		9436FC721A5F351700C12D6B /* Resources */ = {
			isa = PBXResourcesBuildPhase;
			buildActionMask = 2147483647;
			files = (
			);
			runOnlyForDeploymentPostprocessing = 0;
		};
/* End PBXResourcesBuildPhase section */

/* Begin PBXSourcesBuildPhase section */
		9436FC571A5F351700C12D6B /* Sources */ = {
			isa = PBXSourcesBuildPhase;
			buildActionMask = 2147483647;
			files = (
				9436FC671A5F351700C12D6B /* RootViewController.m in Sources */,
				9436FC641A5F351700C12D6B /* AppDelegate.m in Sources */,
				9436FC611A5F351700C12D6B /* main.m in Sources */,
			);
			runOnlyForDeploymentPostprocessing = 0;
		};
		9436FC701A5F351700C12D6B /* Sources */ = {
			isa = PBXSourcesBuildPhase;
			buildActionMask = 2147483647;
			files = (
				9436FC7B1A5F351700C12D6B /* TicTacToeTests.m in Sources */,
			);
			runOnlyForDeploymentPostprocessing = 0;
		};
/* End PBXSourcesBuildPhase section */

/* Begin PBXTargetDependency section */
		9436FC761A5F351700C12D6B /* PBXTargetDependency */ = {
			isa = PBXTargetDependency;
			target = 9436FC5A1A5F351700C12D6B /* TicTacToe */;
			targetProxy = 9436FC751A5F351700C12D6B /* PBXContainerItemProxy */;
		};
/* End PBXTargetDependency section */

/* Begin PBXVariantGroup section */
		9436FC681A5F351700C12D6B /* Main.storyboard */ = {
			isa = PBXVariantGroup;
			children = (
				9436FC691A5F351700C12D6B /* Base */,
			);
			name = Main.storyboard;
			sourceTree = "<group>";
		};
		9436FC6D1A5F351700C12D6B /* LaunchScreen.xib */ = {
			isa = PBXVariantGroup;
			children = (
				9436FC6E1A5F351700C12D6B /* Base */,
			);
			name = LaunchScreen.xib;
			sourceTree = "<group>";
		};
/* End PBXVariantGroup section */

/* Begin XCBuildConfiguration section */
		9436FC7C1A5F351700C12D6B /* Debug */ = {
			isa = XCBuildConfiguration;
			buildSettings = {
				ALWAYS_SEARCH_USER_PATHS = NO;
				CLANG_CXX_LANGUAGE_STANDARD = "gnu++0x";
				CLANG_CXX_LIBRARY = "libc++";
				CLANG_ENABLE_MODULES = YES;
				CLANG_ENABLE_OBJC_ARC = YES;
				CLANG_WARN_BOOL_CONVERSION = YES;
				CLANG_WARN_CONSTANT_CONVERSION = YES;
				CLANG_WARN_DIRECT_OBJC_ISA_USAGE = YES_ERROR;
				CLANG_WARN_EMPTY_BODY = YES;
				CLANG_WARN_ENUM_CONVERSION = YES;
				CLANG_WARN_INT_CONVERSION = YES;
				CLANG_WARN_OBJC_ROOT_CLASS = YES_ERROR;
				CLANG_WARN_UNREACHABLE_CODE = YES;
				CLANG_WARN__DUPLICATE_METHOD_MATCH = YES;
				"CODE_SIGN_IDENTITY[sdk=iphoneos*]" = "iPhone Developer";
				COPY_PHASE_STRIP = NO;
				ENABLE_STRICT_OBJC_MSGSEND = YES;
				GCC_C_LANGUAGE_STANDARD = gnu99;
				GCC_DYNAMIC_NO_PIC = NO;
				GCC_OPTIMIZATION_LEVEL = 0;
				GCC_PREPROCESSOR_DEFINITIONS = (
					"DEBUG=1",
					"$(inherited)",
				);
				GCC_SYMBOLS_PRIVATE_EXTERN = NO;
				GCC_WARN_64_TO_32_BIT_CONVERSION = YES;
				GCC_WARN_ABOUT_RETURN_TYPE = YES_ERROR;
				GCC_WARN_UNDECLARED_SELECTOR = YES;
				GCC_WARN_UNINITIALIZED_AUTOS = YES_AGGRESSIVE;
				GCC_WARN_UNUSED_FUNCTION = YES;
				GCC_WARN_UNUSED_VARIABLE = YES;
				IPHONEOS_DEPLOYMENT_TARGET = 8.1;
				MTL_ENABLE_DEBUG_INFO = YES;
				ONLY_ACTIVE_ARCH = YES;
				SDKROOT = iphoneos;
				TARGETED_DEVICE_FAMILY = "1,2";
			};
			name = Debug;
		};
		9436FC7D1A5F351700C12D6B /* Release */ = {
			isa = XCBuildConfiguration;
			buildSettings = {
				ALWAYS_SEARCH_USER_PATHS = NO;
				CLANG_CXX_LANGUAGE_STANDARD = "gnu++0x";
				CLANG_CXX_LIBRARY = "libc++";
				CLANG_ENABLE_MODULES = YES;
				CLANG_ENABLE_OBJC_ARC = YES;
				CLANG_WARN_BOOL_CONVERSION = YES;
				CLANG_WARN_CONSTANT_CONVERSION = YES;
				CLANG_WARN_DIRECT_OBJC_ISA_USAGE = YES_ERROR;
				CLANG_WARN_EMPTY_BODY = YES;
				CLANG_WARN_ENUM_CONVERSION = YES;
				CLANG_WARN_INT_CONVERSION = YES;
				CLANG_WARN_OBJC_ROOT_CLASS = YES_ERROR;
				CLANG_WARN_UNREACHABLE_CODE = YES;
				CLANG_WARN__DUPLICATE_METHOD_MATCH = YES;
				"CODE_SIGN_IDENTITY[sdk=iphoneos*]" = "iPhone Developer";
				COPY_PHASE_STRIP = YES;
				ENABLE_NS_ASSERTIONS = NO;
				ENABLE_STRICT_OBJC_MSGSEND = YES;
				GCC_C_LANGUAGE_STANDARD = gnu99;
				GCC_WARN_64_TO_32_BIT_CONVERSION = YES;
				GCC_WARN_ABOUT_RETURN_TYPE = YES_ERROR;
				GCC_WARN_UNDECLARED_SELECTOR = YES;
				GCC_WARN_UNINITIALIZED_AUTOS = YES_AGGRESSIVE;
				GCC_WARN_UNUSED_FUNCTION = YES;
				GCC_WARN_UNUSED_VARIABLE = YES;
				IPHONEOS_DEPLOYMENT_TARGET = 8.1;
				MTL_ENABLE_DEBUG_INFO = NO;
				SDKROOT = iphoneos;
				TARGETED_DEVICE_FAMILY = "1,2";
				VALIDATE_PRODUCT = YES;
			};
			name = Release;
		};
		9436FC7F1A5F351700C12D6B /* Debug */ = {
			isa = XCBuildConfiguration;
			buildSettings = {
				ASSETCATALOG_COMPILER_APPICON_NAME = AppIcon;
				INFOPLIST_FILE = TicTacToe/Info.plist;
				LD_RUNPATH_SEARCH_PATHS = "$(inherited) @executable_path/Frameworks";
				PRODUCT_NAME = "$(TARGET_NAME)";
			};
			name = Debug;
		};
		9436FC801A5F351700C12D6B /* Release */ = {
			isa = XCBuildConfiguration;
			buildSettings = {
				ASSETCATALOG_COMPILER_APPICON_NAME = AppIcon;
				INFOPLIST_FILE = TicTacToe/Info.plist;
				LD_RUNPATH_SEARCH_PATHS = "$(inherited) @executable_path/Frameworks";
				PRODUCT_NAME = "$(TARGET_NAME)";
			};
			name = Release;
		};
		9436FC821A5F351700C12D6B /* Debug */ = {
			isa = XCBuildConfiguration;
			buildSettings = {
				BUNDLE_LOADER = "$(TEST_HOST)";
				FRAMEWORK_SEARCH_PATHS = (
					"$(SDKROOT)/Developer/Library/Frameworks",
					"$(inherited)",
				);
				GCC_PREPROCESSOR_DEFINITIONS = (
					"DEBUG=1",
					"$(inherited)",
				);
				INFOPLIST_FILE = TicTacToeTests/Info.plist;
				LD_RUNPATH_SEARCH_PATHS = "$(inherited) @executable_path/Frameworks @loader_path/Frameworks";
				PRODUCT_NAME = "$(TARGET_NAME)";
				TEST_HOST = "$(BUILT_PRODUCTS_DIR)/TicTacToe.app/TicTacToe";
			};
			name = Debug;
		};
		9436FC831A5F351700C12D6B /* Release */ = {
			isa = XCBuildConfiguration;
			buildSettings = {
				BUNDLE_LOADER = "$(TEST_HOST)";
				FRAMEWORK_SEARCH_PATHS = (
					"$(SDKROOT)/Developer/Library/Frameworks",
					"$(inherited)",
				);
				INFOPLIST_FILE = TicTacToeTests/Info.plist;
				LD_RUNPATH_SEARCH_PATHS = "$(inherited) @executable_path/Frameworks @loader_path/Frameworks";
				PRODUCT_NAME = "$(TARGET_NAME)";
				TEST_HOST = "$(BUILT_PRODUCTS_DIR)/TicTacToe.app/TicTacToe";
			};
			name = Release;
		};
/* End XCBuildConfiguration section */

/* Begin XCConfigurationList section */
		9436FC561A5F351700C12D6B /* Build configuration list for PBXProject "TicTacToe" */ = {
			isa = XCConfigurationList;
			buildConfigurations = (
				9436FC7C1A5F351700C12D6B /* Debug */,
				9436FC7D1A5F351700C12D6B /* Release */,
			);
			defaultConfigurationIsVisible = 0;
			defaultConfigurationName = Release;
		};
		9436FC7E1A5F351700C12D6B /* Build configuration list for PBXNativeTarget "TicTacToe" */ = {
			isa = XCConfigurationList;
			buildConfigurations = (
				9436FC7F1A5F351700C12D6B /* Debug */,
				9436FC801A5F351700C12D6B /* Release */,
			);
			defaultConfigurationIsVisible = 0;
		};
		9436FC811A5F351700C12D6B /* Build configuration list for PBXNativeTarget "TicTacToeTests" */ = {
			isa = XCConfigurationList;
			buildConfigurations = (
				9436FC821A5F351700C12D6B /* Debug */,
				9436FC831A5F351700C12D6B /* Release */,
			);
			defaultConfigurationIsVisible = 0;
		};
/* End XCConfigurationList section */
	};
	rootObject = 9436FC531A5F351700C12D6B /* Project object */;
}
